
Microsoft Visual Studio Solution File, Format Version 11.00
# Visual Studio 2010
Project("{FAE04EC0-301F-11D3-BF4B-00C04F79EFBC}") = "Bootstrap.Mvc", "Bootstrap.Mvc\Bootstrap.Mvc.csproj", "{3F33364D-0806-474A-A3AE-15C744ED23AA}"
EndProject
Global
	GlobalSection(SolutionConfigurationPlatforms) = preSolution
		Debug|Any CPU = Debug|Any CPU
		Release|Any CPU = Release|Any CPU
	EndGlobalSection
	GlobalSection(ProjectConfigurationPlatforms) = postSolution
		{3F33364D-0806-474A-A3AE-15C744ED23AA}.Debug|Any CPU.ActiveCfg = Debug|Any CPU
		{3F33364D-0806-474A-A3AE-15C744ED23AA}.Debug|Any CPU.Build.0 = Debug|Any CPU
		{3F33364D-0806-474A-A3AE-15C744ED23AA}.Release|Any CPU.ActiveCfg = Release|Any CPU
		{3F33364D-0806-474A-A3AE-15C744ED23AA}.Release|Any CPU.Build.0 = Release|Any CPU
	EndGlobalSection
	GlobalSection(SolutionProperties) = preSolution
		HideSolutionNode = FALSE
	EndGlobalSection
EndGlobal
